<?xml version="1.0" encoding="utf-8"?>
<Project ToolsVersion="4.0" xmlns="http://schemas.microsoft.com/developer/msbuild/2003">
  <ItemGroup>
    <Filter Include="Source Files">
      <UniqueIdentifier>{4FC737F1-C7A5-4376-A066-2A32D752A2FF}</UniqueIdentifier>
      <Extensions>cpp;c;cc;cxx;def;odl;idl;hpj;bat;asm;asmx</Extensions>
    </Filter>
    <Filter Include="Header Files">
      <UniqueIdentifier>{93995380-89BD-4b04-88EB-625FBE52EBFB}</UniqueIdentifier>
      <Extensions>h;hpp;hxx;hm;inl;inc;xsd</Extensions>
    </Filter>
    <Filter Include="Resource Files">
      <UniqueIdentifier>{67DA6AB6-F800-4c08-8B7A-83BB121AAD01}</UniqueIdentifier>
      <Extensions>rc;ico;cur;bmp;dlg;rc2;rct;bin;rgs;gif;jpg;jpeg;jpe;resx;tiff;tif;png;wav;mfcribbon-ms</Extensions>
    </Filter>
    <Filter Include="Header Files\x64">
      <UniqueIdentifier>{7bb64693-4b46-4a78-b3d6-9a77d6f44c81}</UniqueIdentifier>
    </Filter>
    <Filter Include="Header Files\generic">
      <UniqueIdentifier>{6739ac49-cc8b-46e9-8303-bb86f346d251}</UniqueIdentifier>
    </Filter>
  </ItemGroup>
  <ItemGroup>
    <ClInclude Include="..\..\generic\fp.h">
      <Filter>Header Files\generic</Filter>
    </ClInclude>
    <ClInclude Include="..\..\FourQ.h">
      <Filter>Header Files</Filter>
    </ClInclude>
    <ClInclude Include="..\..\table_lookup.h">
      <Filter>Header Files</Filter>
    </ClInclude>
    <ClInclude Include="..\..\FourQ_internal.h">
      <Filter>Header Files</Filter>
    </ClInclude>
    <ClInclude Include="..\..\FourQ_tables.h">
      <Filter>Header Files</Filter>
    </ClInclude>
    <ClInclude Include="..\..\FourQ_api.h">
      <Filter>Header Files</Filter>
    </ClInclude>
    <ClInclude Include="..\..\AMD64\fp_x64.h">
      <Filter>Header Files\x64</Filter>
    </ClInclude>
  </ItemGroup>
  <ItemGroup>
    <ClCompile Include="..\..\eccp2.c">
      <Filter>Source Files</Filter>
    </ClCompile>
    <ClCompile Include="..\..\eccp2_core.c">
      <Filter>Source Files</Filter>
    </ClCompile>
    <ClCompile Include="..\..\eccp2_no_endo.c">
      <Filter>Source Files</Filter>
    </ClCompile>
    <ClCompile Include="..\..\schnorrq.c">
      <Filter>Source Files</Filter>
    </ClCompile>
    <ClCompile Include="..\..\crypto_util.c">
      <Filter>Source Files</Filter>
    </ClCompile>
    <ClCompile Include="..\..\FourQ_params.h">
      <Filter>Header Files</Filter>
    </ClCompile>
    <ClCompile Include="..\..\kex.c">
      <Filter>Source Files</Filter>
    </ClCompile>
    <ClCompile Include="..\..\..\random\random.c">
      <Filter>Source Files</Filter>
    </ClCompile>
    <ClCompile Include="..\..\..\sha512\sha512.c">
      <Filter>Source Files</Filter>
    </ClCompile>
    <ClCompile Include="..\..\hash_to_curve.c">
      <Filter>Source Files</Filter>
    </ClCompile>
  </ItemGroup>
</Project>