
Microsoft Visual Studio Solution File, Format Version 12.00
# Visual Studio 14
VisualStudioVersion = 14.0.25420.1
MinimumVisualStudioVersion = 10.0.40219.1
Project("{8BC9CEB8-8B4A-11D0-8D11-00A0C91BC942}") = "FourQ", "FourQ.vcxproj", "{719F1A49-62B2-41E2-B500-40FAD83AB12A}"
EndProject
Project("{8BC9CEB8-8B4A-11D0-8D11-00A0C91BC942}") = "ecc_tests", "..\ecc_tests\ecc_tests.vcxproj", "{A6DB2ADB-C570-47D5-BAAA-06904D60C091}"
EndProject
Project("{8BC9CEB8-8B4A-11D0-8D11-00A0C91BC942}") = "crypto_tests", "..\crypto_tests\crypto_tests.vcxproj", "{47A9BC7F-1C7F-4BB3-B5D1-7AC7DDAC0E04}"
EndProject
Project("{8BC9CEB8-8B4A-11D0-8D11-00A0C91BC942}") = "fp_tests", "..\fp_tests\fp_tests.vcxproj", "{D36D493E-EFD2-4FF1-8CAE-2D16EEA76CAC}"
EndProject
Global
	GlobalSection(SolutionConfigurationPlatforms) = preSolution
		Debug|Win32 = Debug|Win32
		Debug|x64 = Debug|x64
		Generic|Win32 = Generic|Win32
		Generic|x64 = Generic|x64
		Release|Win32 = Release|Win32
		Release|x64 = Release|x64
	EndGlobalSection
	GlobalSection(ProjectConfigurationPlatforms) = postSolution
		{719F1A49-62B2-41E2-B500-40FAD83AB12A}.Debug|Win32.ActiveCfg = Debug|Win32
		{719F1A49-62B2-41E2-B500-40FAD83AB12A}.Debug|Win32.Build.0 = Debug|Win32
		{719F1A49-62B2-41E2-B500-40FAD83AB12A}.Debug|x64.ActiveCfg = Debug|x64
		{719F1A49-62B2-41E2-B500-40FAD83AB12A}.Debug|x64.Build.0 = Debug|x64
		{719F1A49-62B2-41E2-B500-40FAD83AB12A}.Generic|Win32.ActiveCfg = Generic|Win32
		{719F1A49-62B2-41E2-B500-40FAD83AB12A}.Generic|Win32.Build.0 = Generic|Win32
		{719F1A49-62B2-41E2-B500-40FAD83AB12A}.Generic|x64.ActiveCfg = Generic|x64
		{719F1A49-62B2-41E2-B500-40FAD83AB12A}.Generic|x64.Build.0 = Generic|x64
		{719F1A49-62B2-41E2-B500-40FAD83AB12A}.Release|Win32.ActiveCfg = Release|Win32
		{719F1A49-62B2-41E2-B500-40FAD83AB12A}.Release|x64.ActiveCfg = Release|x64
		{719F1A49-62B2-41E2-B500-40FAD83AB12A}.Release|x64.Build.0 = Release|x64
		{A6DB2ADB-C570-47D5-BAAA-06904D60C091}.Debug|Win32.ActiveCfg = Debug|Win32
		{A6DB2ADB-C570-47D5-BAAA-06904D60C091}.Debug|Win32.Build.0 = Debug|Win32
		{A6DB2ADB-C570-47D5-BAAA-06904D60C091}.Debug|x64.ActiveCfg = Debug|x64
		{A6DB2ADB-C570-47D5-BAAA-06904D60C091}.Debug|x64.Build.0 = Debug|x64
		{A6DB2ADB-C570-47D5-BAAA-06904D60C091}.Generic|Win32.ActiveCfg = Generic|Win32
		{A6DB2ADB-C570-47D5-BAAA-06904D60C091}.Generic|Win32.Build.0 = Generic|Win32
		{A6DB2ADB-C570-47D5-BAAA-06904D60C091}.Generic|x64.ActiveCfg = Generic|x64
		{A6DB2ADB-C570-47D5-BAAA-06904D60C091}.Generic|x64.Build.0 = Generic|x64
		{A6DB2ADB-C570-47D5-BAAA-06904D60C091}.Release|Win32.ActiveCfg = Release|Win32
		{A6DB2ADB-C570-47D5-BAAA-06904D60C091}.Release|x64.ActiveCfg = Release|x64
		{A6DB2ADB-C570-47D5-BAAA-06904D60C091}.Release|x64.Build.0 = Release|x64
		{47A9BC7F-1C7F-4BB3-B5D1-7AC7DDAC0E04}.Debug|Win32.ActiveCfg = Debug|Win32
		{47A9BC7F-1C7F-4BB3-B5D1-7AC7DDAC0E04}.Debug|Win32.Build.0 = Debug|Win32
		{47A9BC7F-1C7F-4BB3-B5D1-7AC7DDAC0E04}.Debug|x64.ActiveCfg = Debug|x64
		{47A9BC7F-1C7F-4BB3-B5D1-7AC7DDAC0E04}.Debug|x64.Build.0 = Debug|x64
		{47A9BC7F-1C7F-4BB3-B5D1-7AC7DDAC0E04}.Generic|Win32.ActiveCfg = Generic|Win32
		{47A9BC7F-1C7F-4BB3-B5D1-7AC7DDAC0E04}.Generic|Win32.Build.0 = Generic|Win32
		{47A9BC7F-1C7F-4BB3-B5D1-7AC7DDAC0E04}.Generic|x64.ActiveCfg = Generic|x64
		{47A9BC7F-1C7F-4BB3-B5D1-7AC7DDAC0E04}.Generic|x64.Build.0 = Generic|x64
		{47A9BC7F-1C7F-4BB3-B5D1-7AC7DDAC0E04}.Release|Win32.ActiveCfg = Release|Win32
		{47A9BC7F-1C7F-4BB3-B5D1-7AC7DDAC0E04}.Release|x64.ActiveCfg = Release|x64
		{47A9BC7F-1C7F-4BB3-B5D1-7AC7DDAC0E04}.Release|x64.Build.0 = Release|x64
		{D36D493E-EFD2-4FF1-8CAE-2D16EEA76CAC}.Debug|Win32.ActiveCfg = Debug|Win32
		{D36D493E-EFD2-4FF1-8CAE-2D16EEA76CAC}.Debug|Win32.Build.0 = Debug|Win32
		{D36D493E-EFD2-4FF1-8CAE-2D16EEA76CAC}.Debug|x64.ActiveCfg = Debug|x64
		{D36D493E-EFD2-4FF1-8CAE-2D16EEA76CAC}.Debug|x64.Build.0 = Debug|x64
		{D36D493E-EFD2-4FF1-8CAE-2D16EEA76CAC}.Generic|Win32.ActiveCfg = Generic|Win32
		{D36D493E-EFD2-4FF1-8CAE-2D16EEA76CAC}.Generic|Win32.Build.0 = Generic|Win32
		{D36D493E-EFD2-4FF1-8CAE-2D16EEA76CAC}.Generic|x64.ActiveCfg = Generic|x64
		{D36D493E-EFD2-4FF1-8CAE-2D16EEA76CAC}.Generic|x64.Build.0 = Generic|x64
		{D36D493E-EFD2-4FF1-8CAE-2D16EEA76CAC}.Release|Win32.ActiveCfg = Release|Win32
		{D36D493E-EFD2-4FF1-8CAE-2D16EEA76CAC}.Release|x64.ActiveCfg = Release|x64
		{D36D493E-EFD2-4FF1-8CAE-2D16EEA76CAC}.Release|x64.Build.0 = Release|x64
	EndGlobalSection
	GlobalSection(SolutionProperties) = preSolution
		HideSolutionNode = FALSE
	EndGlobalSection
EndGlobal
